
Microsoft Visual Studio Solution File, Format Version 12.00
# Visual Studio 2012
Project("{FAE04EC0-301F-11D3-BF4B-00C04F79EFBC}") = "LoginRadius.Android", "src\LoginRadius.Android\LoginRadius.Android.csproj", "{CE24E06D-E3AF-4F72-9E0F-71D02E926366}"
EndProject
Project("{FAE04EC0-301F-11D3-BF4B-00C04F79EFBC}") = "LoginRadius.iOS", "src\LoginRadius.iOS\LoginRadius.iOS.csproj", "{5AC5EED4-D4E5-41CA-A011-ED64DFA77091}"
EndProject
Project("{2150E333-8FDC-42A3-9474-1A3956D46DE8}") = "Solution Items", "Solution Items", "{CF02FCED-BAAD-436D-976D-3CC6BBC19156}"
	ProjectSection(SolutionItems) = preProject
		component\component.yaml = component\component.yaml
		component\Details.md = component\Details.md
		component\GettingStarted.md = component\GettingStarted.md
		component\License.md = component\License.md
		README.md = README.md
	EndProjectSection
EndProject
Global
	GlobalSection(SolutionConfigurationPlatforms) = preSolution
		Debug|Any CPU = Debug|Any CPU
		Release|Any CPU = Release|Any CPU
	EndGlobalSection
	GlobalSection(ProjectConfigurationPlatforms) = postSolution
		{5AC5EED4-D4E5-41CA-A011-ED64DFA77091}.Debug|Any CPU.ActiveCfg = Debug|Any CPU
		{5AC5EED4-D4E5-41CA-A011-ED64DFA77091}.Debug|Any CPU.Build.0 = Debug|Any CPU
		{5AC5EED4-D4E5-41CA-A011-ED64DFA77091}.Release|Any CPU.ActiveCfg = Release|Any CPU
		{5AC5EED4-D4E5-41CA-A011-ED64DFA77091}.Release|Any CPU.Build.0 = Release|Any CPU
		{CE24E06D-E3AF-4F72-9E0F-71D02E926366}.Debug|Any CPU.ActiveCfg = Debug|Any CPU
		{CE24E06D-E3AF-4F72-9E0F-71D02E926366}.Debug|Any CPU.Build.0 = Debug|Any CPU
		{CE24E06D-E3AF-4F72-9E0F-71D02E926366}.Release|Any CPU.ActiveCfg = Release|Any CPU
		{CE24E06D-E3AF-4F72-9E0F-71D02E926366}.Release|Any CPU.Build.0 = Release|Any CPU
	EndGlobalSection
	GlobalSection(MonoDevelopProperties) = preSolution
		Policies = $0
		$0.TextStylePolicy = $1
		$1.TabsToSpaces = True
		$1.inheritsSet = Mono
		$1.inheritsScope = text/plain
		$1.scope = application/vnd.apple-interface-builder
		$0.CSharpFormattingPolicy = $2
		$2.inheritsSet = Mono
		$2.inheritsScope = text/x-csharp
		$2.scope = text/x-csharp
		$0.TextStylePolicy = $3
		$3.inheritsSet = Mono
		$3.inheritsScope = text/plain
		$3.scope = text/plain
		$0.TextStylePolicy = $4
		$4.inheritsSet = Mono
		$4.inheritsScope = text/plain
		$4.scope = application/xml
		$0.XmlFormattingPolicy = $5
		$5.inheritsSet = Mono
		$5.inheritsScope = application/xml
		$5.scope = application/vnd.apple-interface-builder
		$0.TextStylePolicy = $6
		$6.inheritsSet = Mono
		$6.inheritsScope = text/plain
		$6.scope = application/vnd.apple-interface-builder
		$0.XmlFormattingPolicy = $7
		$7.inheritsSet = Mono
		$7.inheritsScope = application/xml
		$7.scope = application/vnd.apple-interface-builder
		$0.StandardHeader = $8
		$8.Text = 
		$8.IncludeInNewFiles = True
	EndGlobalSection
EndGlobal
