
Microsoft Visual Studio Solution File, Format Version 12.00
# Visual Studio 2012
Project("{FAE04EC0-301F-11D3-BF4B-00C04F79EFBC}") = "LoginRadius.iOS.Sample", "LoginRadius.iOS.Sample\LoginRadius.iOS.Sample.csproj", "{E98ADC54-8CCA-4E4C-81F8-FAA576897A83}"
EndProject
Project("{FAE04EC0-301F-11D3-BF4B-00C04F79EFBC}") = "LoginRadius.iOS", "..\..\src\LoginRadius.iOS\LoginRadius.iOS.csproj", "{5AC5EED4-D4E5-41CA-A011-ED64DFA77091}"
EndProject
Global
	GlobalSection(SolutionConfigurationPlatforms) = preSolution
		Debug|iPhoneSimulator = Debug|iPhoneSimulator
		Release|iPhone = Release|iPhone
		Release|iPhoneSimulator = Release|iPhoneSimulator
		Debug|iPhone = Debug|iPhone
	EndGlobalSection
	GlobalSection(ProjectConfigurationPlatforms) = postSolution
		{5AC5EED4-D4E5-41CA-A011-ED64DFA77091}.Debug|iPhone.ActiveCfg = Debug|Any CPU
		{5AC5EED4-D4E5-41CA-A011-ED64DFA77091}.Debug|iPhone.Build.0 = Debug|Any CPU
		{5AC5EED4-D4E5-41CA-A011-ED64DFA77091}.Debug|iPhoneSimulator.ActiveCfg = Debug|Any CPU
		{5AC5EED4-D4E5-41CA-A011-ED64DFA77091}.Debug|iPhoneSimulator.Build.0 = Debug|Any CPU
		{5AC5EED4-D4E5-41CA-A011-ED64DFA77091}.Release|iPhone.ActiveCfg = Release|Any CPU
		{5AC5EED4-D4E5-41CA-A011-ED64DFA77091}.Release|iPhone.Build.0 = Release|Any CPU
		{5AC5EED4-D4E5-41CA-A011-ED64DFA77091}.Release|iPhoneSimulator.ActiveCfg = Release|Any CPU
		{5AC5EED4-D4E5-41CA-A011-ED64DFA77091}.Release|iPhoneSimulator.Build.0 = Release|Any CPU
		{E98ADC54-8CCA-4E4C-81F8-FAA576897A83}.Debug|iPhone.ActiveCfg = Debug|iPhone
		{E98ADC54-8CCA-4E4C-81F8-FAA576897A83}.Debug|iPhone.Build.0 = Debug|iPhone
		{E98ADC54-8CCA-4E4C-81F8-FAA576897A83}.Debug|iPhoneSimulator.ActiveCfg = Debug|iPhoneSimulator
		{E98ADC54-8CCA-4E4C-81F8-FAA576897A83}.Debug|iPhoneSimulator.Build.0 = Debug|iPhoneSimulator
		{E98ADC54-8CCA-4E4C-81F8-FAA576897A83}.Release|iPhone.ActiveCfg = Release|iPhone
		{E98ADC54-8CCA-4E4C-81F8-FAA576897A83}.Release|iPhone.Build.0 = Release|iPhone
		{E98ADC54-8CCA-4E4C-81F8-FAA576897A83}.Release|iPhoneSimulator.ActiveCfg = Release|iPhoneSimulator
		{E98ADC54-8CCA-4E4C-81F8-FAA576897A83}.Release|iPhoneSimulator.Build.0 = Release|iPhoneSimulator
	EndGlobalSection
EndGlobal
